
Microsoft Visual Studio Solution File, Format Version 12.00
# Visual Studio Version 17
VisualStudioVersion = 17.11.35327.3
MinimumVisualStudioVersion = 10.0.40219.1
Project("{FAE04EC0-301F-11D3-BF4B-00C04F79EFBC}") = "EstoqueDeProdutos", "EstoqueDeProdutos\EstoqueDeProdutos.csproj", "{914FC47B-D5EC-49FE-80A4-1ACCE491FA1B}"
EndProject
Global
	GlobalSection(SolutionConfigurationPlatforms) = preSolution
		Debug|Any CPU = Debug|Any CPU
		Release|Any CPU = Release|Any CPU
	EndGlobalSection
	GlobalSection(ProjectConfigurationPlatforms) = postSolution
		{914FC47B-D5EC-49FE-80A4-1ACCE491FA1B}.Debug|Any CPU.ActiveCfg = Debug|Any CPU
		{914FC47B-D5EC-49FE-80A4-1ACCE491FA1B}.Debug|Any CPU.Build.0 = Debug|Any CPU
		{914FC47B-D5EC-49FE-80A4-1ACCE491FA1B}.Release|Any CPU.ActiveCfg = Release|Any CPU
		{914FC47B-D5EC-49FE-80A4-1ACCE491FA1B}.Release|Any CPU.Build.0 = Release|Any CPU
	EndGlobalSection
	GlobalSection(SolutionProperties) = preSolution
		HideSolutionNode = FALSE
	EndGlobalSection
	GlobalSection(ExtensibilityGlobals) = postSolution
		SolutionGuid = {7E88093B-0D5F-4B9F-BE9A-CBB4FF171E2E}
	EndGlobalSection
EndGlobal
