
Microsoft Visual Studio Solution File, Format Version 12.00
# Visual Studio Version 17
VisualStudioVersion = 17.11.35327.3
MinimumVisualStudioVersion = 10.0.40219.1
Project("{FAE04EC0-301F-11D3-BF4B-00C04F79EFBC}") = "ContaBancaria", "ContaBancaria\ContaBancaria.csproj", "{E4E1D562-464A-40BF-9949-01E9C6D57FA7}"
EndProject
Global
	GlobalSection(SolutionConfigurationPlatforms) = preSolution
		Debug|Any CPU = Debug|Any CPU
		Release|Any CPU = Release|Any CPU
	EndGlobalSection
	GlobalSection(ProjectConfigurationPlatforms) = postSolution
		{E4E1D562-464A-40BF-9949-01E9C6D57FA7}.Debug|Any CPU.ActiveCfg = Debug|Any CPU
		{E4E1D562-464A-40BF-9949-01E9C6D57FA7}.Debug|Any CPU.Build.0 = Debug|Any CPU
		{E4E1D562-464A-40BF-9949-01E9C6D57FA7}.Release|Any CPU.ActiveCfg = Release|Any CPU
		{E4E1D562-464A-40BF-9949-01E9C6D57FA7}.Release|Any CPU.Build.0 = Release|Any CPU
	EndGlobalSection
	GlobalSection(SolutionProperties) = preSolution
		HideSolutionNode = FALSE
	EndGlobalSection
	GlobalSection(ExtensibilityGlobals) = postSolution
		SolutionGuid = {99298B05-F442-49DC-99FE-3520A6EE0B3F}
	EndGlobalSection
EndGlobal
