
Microsoft Visual Studio Solution File, Format Version 12.00
# Visual Studio Version 17
VisualStudioVersion = 17.11.35327.3
MinimumVisualStudioVersion = 10.0.40219.1
Project("{FAE04EC0-301F-11D3-BF4B-00C04F79EFBC}") = "Carro2", "Carro2\Carro2.csproj", "{A3CCE0EA-3E84-4E17-925F-D7137A5FE432}"
EndProject
Global
	GlobalSection(SolutionConfigurationPlatforms) = preSolution
		Debug|Any CPU = Debug|Any CPU
		Release|Any CPU = Release|Any CPU
	EndGlobalSection
	GlobalSection(ProjectConfigurationPlatforms) = postSolution
		{A3CCE0EA-3E84-4E17-925F-D7137A5FE432}.Debug|Any CPU.ActiveCfg = Debug|Any CPU
		{A3CCE0EA-3E84-4E17-925F-D7137A5FE432}.Debug|Any CPU.Build.0 = Debug|Any CPU
		{A3CCE0EA-3E84-4E17-925F-D7137A5FE432}.Release|Any CPU.ActiveCfg = Release|Any CPU
		{A3CCE0EA-3E84-4E17-925F-D7137A5FE432}.Release|Any CPU.Build.0 = Release|Any CPU
	EndGlobalSection
	GlobalSection(SolutionProperties) = preSolution
		HideSolutionNode = FALSE
	EndGlobalSection
	GlobalSection(ExtensibilityGlobals) = postSolution
		SolutionGuid = {92AC6C30-AEA6-47A4-8581-7FBED3487B6B}
	EndGlobalSection
EndGlobal
